
Microsoft Visual Studio Solution File, Format Version 12.00
# Visual Studio Version 17
VisualStudioVersion = 17.0.31903.59
MinimumVisualStudioVersion = 10.0.40219.1
Project("{2150E333-8FDC-42A3-9474-1A3956D46DE8}") = "app", "app", "{FB1BAE57-8CDB-41A5-982F-178BFD4AAB16}"
EndProject
Project("{FAE04EC0-301F-11D3-BF4B-00C04F79EFBC}") = "coding-tracker.App", "app\coding-tracker.App\coding-tracker.App.csproj", "{F8F6C676-EC91-4974-BCE1-8461DE3C1226}"
EndProject
Global
	GlobalSection(SolutionConfigurationPlatforms) = preSolution
		Debug|Any CPU = Debug|Any CPU
		Release|Any CPU = Release|Any CPU
	EndGlobalSection
	GlobalSection(SolutionProperties) = preSolution
		HideSolutionNode = FALSE
	EndGlobalSection
	GlobalSection(ProjectConfigurationPlatforms) = postSolution
		{F8F6C676-EC91-4974-BCE1-8461DE3C1226}.Debug|Any CPU.ActiveCfg = Debug|Any CPU
		{F8F6C676-EC91-4974-BCE1-8461DE3C1226}.Debug|Any CPU.Build.0 = Debug|Any CPU
		{F8F6C676-EC91-4974-BCE1-8461DE3C1226}.Release|Any CPU.ActiveCfg = Release|Any CPU
		{F8F6C676-EC91-4974-BCE1-8461DE3C1226}.Release|Any CPU.Build.0 = Release|Any CPU
	EndGlobalSection
	GlobalSection(NestedProjects) = preSolution
		{F8F6C676-EC91-4974-BCE1-8461DE3C1226} = {FB1BAE57-8CDB-41A5-982F-178BFD4AAB16}
	EndGlobalSection
EndGlobal
